
Microsoft Visual Studio Solution File, Format Version 12.00
# Visual Studio Version 17
VisualStudioVersion = 17.7.34024.191
MinimumVisualStudioVersion = 10.0.40219.1
Project("{FAE04EC0-301F-11D3-BF4B-00C04F79EFBC}") = "Chessboard", "Chessboard.csproj", "{69F981DD-6AE2-4A28-B6E2-956CD14B0728}"
EndProject
Global
	GlobalSection(SolutionConfigurationPlatforms) = preSolution
		Debug|Any CPU = Debug|Any CPU
		Release|Any CPU = Release|Any CPU
	EndGlobalSection
	GlobalSection(ProjectConfigurationPlatforms) = postSolution
		{69F981DD-6AE2-4A28-B6E2-956CD14B0728}.Debug|Any CPU.ActiveCfg = Debug|Any CPU
		{69F981DD-6AE2-4A28-B6E2-956CD14B0728}.Debug|Any CPU.Build.0 = Debug|Any CPU
		{69F981DD-6AE2-4A28-B6E2-956CD14B0728}.Release|Any CPU.ActiveCfg = Release|Any CPU
		{69F981DD-6AE2-4A28-B6E2-956CD14B0728}.Release|Any CPU.Build.0 = Release|Any CPU
	EndGlobalSection
	GlobalSection(SolutionProperties) = preSolution
		HideSolutionNode = FALSE
	EndGlobalSection
	GlobalSection(ExtensibilityGlobals) = postSolution
		SolutionGuid = {E6693485-6D83-4606-8DC5-54F6CBD78949}
	EndGlobalSection
EndGlobal
